
Microsoft Visual Studio Solution File, Format Version 12.00
# Visual Studio Version 16
VisualStudioVersion = 16.0.32228.343
MinimumVisualStudioVersion = 10.0.40219.1
Project("{FAE04EC0-301F-11D3-BF4B-00C04F79EFBC}") = "Salon2.UWP", "Salon2.UWP\Salon2.UWP.csproj", "{2754BE38-EBEA-4A78-B41D-F4B393C4CDF5}"
EndProject
Project("{FAE04EC0-301F-11D3-BF4B-00C04F79EFBC}") = "Salon2.Android", "Salon2.Android\Salon2.Android.csproj", "{6D3B2203-097D-4489-B4FC-F5935DABE193}"
EndProject
Project("{FAE04EC0-301F-11D3-BF4B-00C04F79EFBC}") = "Salon2.iOS", "Salon2.iOS\Salon2.iOS.csproj", "{233664ED-74DB-4F04-9614-3025F697C565}"
EndProject
Project("{FAE04EC0-301F-11D3-BF4B-00C04F79EFBC}") = "Salon2", "Salon2\Salon2.csproj", "{5BBEABDC-6E27-4A6D-8D70-F9988CDF807A}"
EndProject
Global
	GlobalSection(SolutionConfigurationPlatforms) = preSolution
		Debug|Any CPU = Debug|Any CPU
		Debug|ARM = Debug|ARM
		Debug|iPhone = Debug|iPhone
		Debug|iPhoneSimulator = Debug|iPhoneSimulator
		Debug|x64 = Debug|x64
		Debug|x86 = Debug|x86
		Release|Any CPU = Release|Any CPU
		Release|ARM = Release|ARM
		Release|iPhone = Release|iPhone
		Release|iPhoneSimulator = Release|iPhoneSimulator
		Release|x64 = Release|x64
		Release|x86 = Release|x86
	EndGlobalSection
	GlobalSection(ProjectConfigurationPlatforms) = postSolution
		{2754BE38-EBEA-4A78-B41D-F4B393C4CDF5}.Debug|Any CPU.ActiveCfg = Debug|x86
		{2754BE38-EBEA-4A78-B41D-F4B393C4CDF5}.Debug|Any CPU.Build.0 = Debug|x86
		{2754BE38-EBEA-4A78-B41D-F4B393C4CDF5}.Debug|Any CPU.Deploy.0 = Debug|x86
		{2754BE38-EBEA-4A78-B41D-F4B393C4CDF5}.Debug|ARM.ActiveCfg = Debug|ARM
		{2754BE38-EBEA-4A78-B41D-F4B393C4CDF5}.Debug|ARM.Build.0 = Debug|ARM
		{2754BE38-EBEA-4A78-B41D-F4B393C4CDF5}.Debug|ARM.Deploy.0 = Debug|ARM
		{2754BE38-EBEA-4A78-B41D-F4B393C4CDF5}.Debug|iPhone.ActiveCfg = Debug|x86
		{2754BE38-EBEA-4A78-B41D-F4B393C4CDF5}.Debug|iPhone.Build.0 = Debug|x86
		{2754BE38-EBEA-4A78-B41D-F4B393C4CDF5}.Debug|iPhone.Deploy.0 = Debug|x86
		{2754BE38-EBEA-4A78-B41D-F4B393C4CDF5}.Debug|iPhoneSimulator.ActiveCfg = Debug|x86
		{2754BE38-EBEA-4A78-B41D-F4B393C4CDF5}.Debug|iPhoneSimulator.Build.0 = Debug|x86
		{2754BE38-EBEA-4A78-B41D-F4B393C4CDF5}.Debug|iPhoneSimulator.Deploy.0 = Debug|x86
		{2754BE38-EBEA-4A78-B41D-F4B393C4CDF5}.Debug|x64.ActiveCfg = Debug|x64
		{2754BE38-EBEA-4A78-B41D-F4B393C4CDF5}.Debug|x64.Build.0 = Debug|x64
		{2754BE38-EBEA-4A78-B41D-F4B393C4CDF5}.Debug|x64.Deploy.0 = Debug|x64
		{2754BE38-EBEA-4A78-B41D-F4B393C4CDF5}.Debug|x86.ActiveCfg = Debug|x86
		{2754BE38-EBEA-4A78-B41D-F4B393C4CDF5}.Debug|x86.Build.0 = Debug|x86
		{2754BE38-EBEA-4A78-B41D-F4B393C4CDF5}.Debug|x86.Deploy.0 = Debug|x86
		{2754BE38-EBEA-4A78-B41D-F4B393C4CDF5}.Release|Any CPU.ActiveCfg = Release|x86
		{2754BE38-EBEA-4A78-B41D-F4B393C4CDF5}.Release|Any CPU.Build.0 = Release|x86
		{2754BE38-EBEA-4A78-B41D-F4B393C4CDF5}.Release|Any CPU.Deploy.0 = Release|x86
		{2754BE38-EBEA-4A78-B41D-F4B393C4CDF5}.Release|ARM.ActiveCfg = Release|ARM
		{2754BE38-EBEA-4A78-B41D-F4B393C4CDF5}.Release|ARM.Build.0 = Release|ARM
		{2754BE38-EBEA-4A78-B41D-F4B393C4CDF5}.Release|ARM.Deploy.0 = Release|ARM
		{2754BE38-EBEA-4A78-B41D-F4B393C4CDF5}.Release|iPhone.ActiveCfg = Release|x86
		{2754BE38-EBEA-4A78-B41D-F4B393C4CDF5}.Release|iPhone.Build.0 = Release|x86
		{2754BE38-EBEA-4A78-B41D-F4B393C4CDF5}.Release|iPhone.Deploy.0 = Release|x86
		{2754BE38-EBEA-4A78-B41D-F4B393C4CDF5}.Release|iPhoneSimulator.ActiveCfg = Release|x86
		{2754BE38-EBEA-4A78-B41D-F4B393C4CDF5}.Release|iPhoneSimulator.Build.0 = Release|x86
		{2754BE38-EBEA-4A78-B41D-F4B393C4CDF5}.Release|iPhoneSimulator.Deploy.0 = Release|x86
		{2754BE38-EBEA-4A78-B41D-F4B393C4CDF5}.Release|x64.ActiveCfg = Release|x64
		{2754BE38-EBEA-4A78-B41D-F4B393C4CDF5}.Release|x64.Build.0 = Release|x64
		{2754BE38-EBEA-4A78-B41D-F4B393C4CDF5}.Release|x64.Deploy.0 = Release|x64
		{2754BE38-EBEA-4A78-B41D-F4B393C4CDF5}.Release|x86.ActiveCfg = Release|x86
		{2754BE38-EBEA-4A78-B41D-F4B393C4CDF5}.Release|x86.Build.0 = Release|x86
		{2754BE38-EBEA-4A78-B41D-F4B393C4CDF5}.Release|x86.Deploy.0 = Release|x86
		{6D3B2203-097D-4489-B4FC-F5935DABE193}.Debug|Any CPU.ActiveCfg = Debug|Any CPU
		{6D3B2203-097D-4489-B4FC-F5935DABE193}.Debug|Any CPU.Build.0 = Debug|Any CPU
		{6D3B2203-097D-4489-B4FC-F5935DABE193}.Debug|Any CPU.Deploy.0 = Debug|Any CPU
		{6D3B2203-097D-4489-B4FC-F5935DABE193}.Debug|ARM.ActiveCfg = Debug|Any CPU
		{6D3B2203-097D-4489-B4FC-F5935DABE193}.Debug|ARM.Build.0 = Debug|Any CPU
		{6D3B2203-097D-4489-B4FC-F5935DABE193}.Debug|ARM.Deploy.0 = Debug|Any CPU
		{6D3B2203-097D-4489-B4FC-F5935DABE193}.Debug|iPhone.ActiveCfg = Debug|Any CPU
		{6D3B2203-097D-4489-B4FC-F5935DABE193}.Debug|iPhone.Build.0 = Debug|Any CPU
		{6D3B2203-097D-4489-B4FC-F5935DABE193}.Debug|iPhone.Deploy.0 = Debug|Any CPU
		{6D3B2203-097D-4489-B4FC-F5935DABE193}.Debug|iPhoneSimulator.ActiveCfg = Debug|Any CPU
		{6D3B2203-097D-4489-B4FC-F5935DABE193}.Debug|iPhoneSimulator.Build.0 = Debug|Any CPU
		{6D3B2203-097D-4489-B4FC-F5935DABE193}.Debug|iPhoneSimulator.Deploy.0 = Debug|Any CPU
		{6D3B2203-097D-4489-B4FC-F5935DABE193}.Debug|x64.ActiveCfg = Debug|Any CPU
		{6D3B2203-097D-4489-B4FC-F5935DABE193}.Debug|x64.Build.0 = Debug|Any CPU
		{6D3B2203-097D-4489-B4FC-F5935DABE193}.Debug|x64.Deploy.0 = Debug|Any CPU
		{6D3B2203-097D-4489-B4FC-F5935DABE193}.Debug|x86.ActiveCfg = Debug|Any CPU
		{6D3B2203-097D-4489-B4FC-F5935DABE193}.Debug|x86.Build.0 = Debug|Any CPU
		{6D3B2203-097D-4489-B4FC-F5935DABE193}.Debug|x86.Deploy.0 = Debug|Any CPU
		{6D3B2203-097D-4489-B4FC-F5935DABE193}.Release|Any CPU.ActiveCfg = Release|Any CPU
		{6D3B2203-097D-4489-B4FC-F5935DABE193}.Release|Any CPU.Build.0 = Release|Any CPU
		{6D3B2203-097D-4489-B4FC-F5935DABE193}.Release|Any CPU.Deploy.0 = Release|Any CPU
		{6D3B2203-097D-4489-B4FC-F5935DABE193}.Release|ARM.ActiveCfg = Release|Any CPU
		{6D3B2203-097D-4489-B4FC-F5935DABE193}.Release|ARM.Build.0 = Release|Any CPU
		{6D3B2203-097D-4489-B4FC-F5935DABE193}.Release|ARM.Deploy.0 = Release|Any CPU
		{6D3B2203-097D-4489-B4FC-F5935DABE193}.Release|iPhone.ActiveCfg = Release|Any CPU
		{6D3B2203-097D-4489-B4FC-F5935DABE193}.Release|iPhone.Build.0 = Release|Any CPU
		{6D3B2203-097D-4489-B4FC-F5935DABE193}.Release|iPhone.Deploy.0 = Release|Any CPU
		{6D3B2203-097D-4489-B4FC-F5935DABE193}.Release|iPhoneSimulator.ActiveCfg = Release|Any CPU
		{6D3B2203-097D-4489-B4FC-F5935DABE193}.Release|iPhoneSimulator.Build.0 = Release|Any CPU
		{6D3B2203-097D-4489-B4FC-F5935DABE193}.Release|iPhoneSimulator.Deploy.0 = Release|Any CPU
		{6D3B2203-097D-4489-B4FC-F5935DABE193}.Release|x64.ActiveCfg = Release|Any CPU
		{6D3B2203-097D-4489-B4FC-F5935DABE193}.Release|x64.Build.0 = Release|Any CPU
		{6D3B2203-097D-4489-B4FC-F5935DABE193}.Release|x64.Deploy.0 = Release|Any CPU
		{6D3B2203-097D-4489-B4FC-F5935DABE193}.Release|x86.ActiveCfg = Release|Any CPU
		{6D3B2203-097D-4489-B4FC-F5935DABE193}.Release|x86.Build.0 = Release|Any CPU
		{6D3B2203-097D-4489-B4FC-F5935DABE193}.Release|x86.Deploy.0 = Release|Any CPU
		{233664ED-74DB-4F04-9614-3025F697C565}.Debug|Any CPU.ActiveCfg = Debug|iPhoneSimulator
		{233664ED-74DB-4F04-9614-3025F697C565}.Debug|Any CPU.Build.0 = Debug|iPhoneSimulator
		{233664ED-74DB-4F04-9614-3025F697C565}.Debug|Any CPU.Deploy.0 = Debug|iPhoneSimulator
		{233664ED-74DB-4F04-9614-3025F697C565}.Debug|ARM.ActiveCfg = Debug|iPhone
		{233664ED-74DB-4F04-9614-3025F697C565}.Debug|ARM.Build.0 = Debug|iPhone
		{233664ED-74DB-4F04-9614-3025F697C565}.Debug|ARM.Deploy.0 = Debug|iPhone
		{233664ED-74DB-4F04-9614-3025F697C565}.Debug|iPhone.ActiveCfg = Debug|iPhone
		{233664ED-74DB-4F04-9614-3025F697C565}.Debug|iPhone.Build.0 = Debug|iPhone
		{233664ED-74DB-4F04-9614-3025F697C565}.Debug|iPhone.Deploy.0 = Debug|iPhone
		{233664ED-74DB-4F04-9614-3025F697C565}.Debug|iPhoneSimulator.ActiveCfg = Debug|iPhoneSimulator
		{233664ED-74DB-4F04-9614-3025F697C565}.Debug|iPhoneSimulator.Build.0 = Debug|iPhoneSimulator
		{233664ED-74DB-4F04-9614-3025F697C565}.Debug|iPhoneSimulator.Deploy.0 = Debug|iPhoneSimulator
		{233664ED-74DB-4F04-9614-3025F697C565}.Debug|x64.ActiveCfg = Debug|iPhoneSimulator
		{233664ED-74DB-4F04-9614-3025F697C565}.Debug|x64.Build.0 = Debug|iPhoneSimulator
		{233664ED-74DB-4F04-9614-3025F697C565}.Debug|x64.Deploy.0 = Debug|iPhoneSimulator
		{233664ED-74DB-4F04-9614-3025F697C565}.Debug|x86.ActiveCfg = Debug|iPhoneSimulator
		{233664ED-74DB-4F04-9614-3025F697C565}.Debug|x86.Build.0 = Debug|iPhoneSimulator
		{233664ED-74DB-4F04-9614-3025F697C565}.Debug|x86.Deploy.0 = Debug|iPhoneSimulator
		{233664ED-74DB-4F04-9614-3025F697C565}.Release|Any CPU.ActiveCfg = Release|iPhoneSimulator
		{233664ED-74DB-4F04-9614-3025F697C565}.Release|Any CPU.Build.0 = Release|iPhoneSimulator
		{233664ED-74DB-4F04-9614-3025F697C565}.Release|Any CPU.Deploy.0 = Release|iPhoneSimulator
		{233664ED-74DB-4F04-9614-3025F697C565}.Release|ARM.ActiveCfg = Release|iPhoneSimulator
		{233664ED-74DB-4F04-9614-3025F697C565}.Release|ARM.Build.0 = Release|iPhoneSimulator
		{233664ED-74DB-4F04-9614-3025F697C565}.Release|ARM.Deploy.0 = Release|iPhoneSimulator
		{233664ED-74DB-4F04-9614-3025F697C565}.Release|iPhone.ActiveCfg = Release|iPhone
		{233664ED-74DB-4F04-9614-3025F697C565}.Release|iPhone.Build.0 = Release|iPhone
		{233664ED-74DB-4F04-9614-3025F697C565}.Release|iPhone.Deploy.0 = Release|iPhone
		{233664ED-74DB-4F04-9614-3025F697C565}.Release|iPhoneSimulator.ActiveCfg = Release|iPhoneSimulator
		{233664ED-74DB-4F04-9614-3025F697C565}.Release|iPhoneSimulator.Build.0 = Release|iPhoneSimulator
		{233664ED-74DB-4F04-9614-3025F697C565}.Release|iPhoneSimulator.Deploy.0 = Release|iPhoneSimulator
		{233664ED-74DB-4F04-9614-3025F697C565}.Release|x64.ActiveCfg = Release|iPhoneSimulator
		{233664ED-74DB-4F04-9614-3025F697C565}.Release|x64.Build.0 = Release|iPhoneSimulator
		{233664ED-74DB-4F04-9614-3025F697C565}.Release|x64.Deploy.0 = Release|iPhoneSimulator
		{233664ED-74DB-4F04-9614-3025F697C565}.Release|x86.ActiveCfg = Release|iPhoneSimulator
		{233664ED-74DB-4F04-9614-3025F697C565}.Release|x86.Build.0 = Release|iPhoneSimulator
		{233664ED-74DB-4F04-9614-3025F697C565}.Release|x86.Deploy.0 = Release|iPhoneSimulator
		{5BBEABDC-6E27-4A6D-8D70-F9988CDF807A}.Debug|Any CPU.ActiveCfg = Debug|Any CPU
		{5BBEABDC-6E27-4A6D-8D70-F9988CDF807A}.Debug|Any CPU.Build.0 = Debug|Any CPU
		{5BBEABDC-6E27-4A6D-8D70-F9988CDF807A}.Debug|Any CPU.Deploy.0 = Debug|Any CPU
		{5BBEABDC-6E27-4A6D-8D70-F9988CDF807A}.Debug|ARM.ActiveCfg = Debug|Any CPU
		{5BBEABDC-6E27-4A6D-8D70-F9988CDF807A}.Debug|ARM.Build.0 = Debug|Any CPU
		{5BBEABDC-6E27-4A6D-8D70-F9988CDF807A}.Debug|ARM.Deploy.0 = Debug|Any CPU
		{5BBEABDC-6E27-4A6D-8D70-F9988CDF807A}.Debug|iPhone.ActiveCfg = Debug|Any CPU
		{5BBEABDC-6E27-4A6D-8D70-F9988CDF807A}.Debug|iPhone.Build.0 = Debug|Any CPU
		{5BBEABDC-6E27-4A6D-8D70-F9988CDF807A}.Debug|iPhone.Deploy.0 = Debug|Any CPU
		{5BBEABDC-6E27-4A6D-8D70-F9988CDF807A}.Debug|iPhoneSimulator.ActiveCfg = Debug|Any CPU
		{5BBEABDC-6E27-4A6D-8D70-F9988CDF807A}.Debug|iPhoneSimulator.Build.0 = Debug|Any CPU
		{5BBEABDC-6E27-4A6D-8D70-F9988CDF807A}.Debug|iPhoneSimulator.Deploy.0 = Debug|Any CPU
		{5BBEABDC-6E27-4A6D-8D70-F9988CDF807A}.Debug|x64.ActiveCfg = Debug|Any CPU
		{5BBEABDC-6E27-4A6D-8D70-F9988CDF807A}.Debug|x64.Build.0 = Debug|Any CPU
		{5BBEABDC-6E27-4A6D-8D70-F9988CDF807A}.Debug|x64.Deploy.0 = Debug|Any CPU
		{5BBEABDC-6E27-4A6D-8D70-F9988CDF807A}.Debug|x86.ActiveCfg = Debug|Any CPU
		{5BBEABDC-6E27-4A6D-8D70-F9988CDF807A}.Debug|x86.Build.0 = Debug|Any CPU
		{5BBEABDC-6E27-4A6D-8D70-F9988CDF807A}.Debug|x86.Deploy.0 = Debug|Any CPU
		{5BBEABDC-6E27-4A6D-8D70-F9988CDF807A}.Release|Any CPU.ActiveCfg = Release|Any CPU
		{5BBEABDC-6E27-4A6D-8D70-F9988CDF807A}.Release|Any CPU.Build.0 = Release|Any CPU
		{5BBEABDC-6E27-4A6D-8D70-F9988CDF807A}.Release|Any CPU.Deploy.0 = Release|Any CPU
		{5BBEABDC-6E27-4A6D-8D70-F9988CDF807A}.Release|ARM.ActiveCfg = Release|Any CPU
		{5BBEABDC-6E27-4A6D-8D70-F9988CDF807A}.Release|ARM.Build.0 = Release|Any CPU
		{5BBEABDC-6E27-4A6D-8D70-F9988CDF807A}.Release|ARM.Deploy.0 = Release|Any CPU
		{5BBEABDC-6E27-4A6D-8D70-F9988CDF807A}.Release|iPhone.ActiveCfg = Release|Any CPU
		{5BBEABDC-6E27-4A6D-8D70-F9988CDF807A}.Release|iPhone.Build.0 = Release|Any CPU
		{5BBEABDC-6E27-4A6D-8D70-F9988CDF807A}.Release|iPhone.Deploy.0 = Release|Any CPU
		{5BBEABDC-6E27-4A6D-8D70-F9988CDF807A}.Release|iPhoneSimulator.ActiveCfg = Release|Any CPU
		{5BBEABDC-6E27-4A6D-8D70-F9988CDF807A}.Release|iPhoneSimulator.Build.0 = Release|Any CPU
		{5BBEABDC-6E27-4A6D-8D70-F9988CDF807A}.Release|iPhoneSimulator.Deploy.0 = Release|Any CPU
		{5BBEABDC-6E27-4A6D-8D70-F9988CDF807A}.Release|x64.ActiveCfg = Release|Any CPU
		{5BBEABDC-6E27-4A6D-8D70-F9988CDF807A}.Release|x64.Build.0 = Release|Any CPU
		{5BBEABDC-6E27-4A6D-8D70-F9988CDF807A}.Release|x64.Deploy.0 = Release|Any CPU
		{5BBEABDC-6E27-4A6D-8D70-F9988CDF807A}.Release|x86.ActiveCfg = Release|Any CPU
		{5BBEABDC-6E27-4A6D-8D70-F9988CDF807A}.Release|x86.Build.0 = Release|Any CPU
		{5BBEABDC-6E27-4A6D-8D70-F9988CDF807A}.Release|x86.Deploy.0 = Release|Any CPU
	EndGlobalSection
	GlobalSection(SolutionProperties) = preSolution
		HideSolutionNode = FALSE
	EndGlobalSection
	GlobalSection(ExtensibilityGlobals) = postSolution
		SolutionGuid = {F0C3784A-D9A8-4FEC-8D52-51585E8CAF8B}
	EndGlobalSection
EndGlobal
